github.com/aws/aws-sdk-go-v2 v1.32.2 h1:AkNLZEyYMLnx/Q/mSKkcMqwNFXMAvFto9bNsHqcTduI=
github.com/aws/aws-sdk-go-v2 v1.32.2/go.mod h1:2SK5n0a2karNTv5tbP1SjsX0uhttou00v/HpXKM1ZUo=
github.com/aws/aws-sdk-go-v2/config v1.28.0 h1:FosVYWcqEtWNxHn8gB/Vs6jOlNwSoyOCA/g/sxyySOQ=
github.com/aws/aws-sdk-go-v2/config v1.28.0/go.mod h1:pYhbtvg1siOOg8h5an77rXle9tVG8T+BWLWAo7cOukc=
github.com/aws/aws-sdk-go-v2/credentials v1.17.41 h1:7gXo+Axmp+R4Z+AK8YFQO0ZV3L0gizGINCOWxSLY9W8=
github.com/aws/aws-sdk-go-v2/credentials v1.17.41/go.mod h1:u4Eb8d3394YLubphT4jLEwN1rLNq2wFOlT6OuxFwPzU=
github.com/aws/aws-sdk-go-v2/feature/ec2/imds v1.16.17 h1:TMH3f/SCAWdNtXXVPPu5D6wrr4G5hI1rAxbcocKfC7Q=
github.com/aws/aws-sdk-go-v2/feature/ec2/imds v1.16.17/go.mod h1:1ZRXLdTpzdJb9fwTMXiLipENRxkGMTn1sfKexGllQCw=
github.com/aws/aws-sdk-go-v2/internal/configsources v1.3.21 h1:UAsR3xA31QGf79WzpG/ixT9FZvQlh5HY1NRqSHBNOCk=
github.com/aws/aws-sdk-go-v2/internal/configsources v1.3.21/go.mod h1:JNr43NFf5L9YaG3eKTm7HQzls9J+A9YYcGI5Quh1r2Y=
github.com/aws/aws-sdk-go-v2/internal/endpoints/v2 v2.6.21 h1:6jZVETqmYCadGFvrYEQfC5fAQmlo80CeL5psbno6r0s=
github.com/aws/aws-sdk-go-v2/internal/endpoints/v2 v2.6.21/go.mod h1:1SR0GbLlnN3QUmYaflZNiH1ql+1qrSiB2vwcJ+4UM60=
github.com/aws/aws-sdk-go-v2/internal/ini v1.8.1 h1:VaRN3TlFdd6KxX1x3ILT5ynH6HvKgqdiXoTxAF4HQcQ=
github.com/aws/aws-sdk-go-v2/internal/ini v1.8.1/go.mod h1:FbtygfRFze9usAadmnGJNc8KsP346kEe+y2/oyhGAGc=
github.com/aws/aws-sdk-go-v2/service/internal/accept-encoding v1.12.0 h1:TToQNkvGguu209puTojY/ozlqy2d/SFNcoLIqTFi42g=
github.com/aws/aws-sdk-go-v2/service/internal/accept-encoding v1.12.0/go.mod h1:0jp+ltwkf+SwG2fm/PKo8t4y8pJSgOCO4D8Lz3k0aHQ=
github.com/aws/aws-sdk-go-v2/service/internal/presigned-url v1.12.2 h1:s7NA1SOw8q/5c0wr8477yOPp0z+uBaXBnLE0XYb0POA=
github.com/aws/aws-sdk-go-v2/service/internal/presigned-url v1.12.2/go.mod h1:fnjjWyAW/Pj5HYOxl9LJqWtEwS7W2qgcRLWP+uWbss0=
github.com/aws/aws-sdk-go-v2/service/secretsmanager v1.34.0 h1:POvqkPd+H/B6No9py/7c//RRVbSp75wtN8nsd/LGHw0=
github.com/aws/aws-sdk-go-v2/service/secretsmanager v1.34.0/go.mod h1:G2a06OQdRNbG8bfvdYSFpA9CBuaTQrmnrIyGuU6OgXU=
github.com/aws/aws-sdk-go-v2/service/sso v1.24.2 h1:bSYXVyUzoTHoKalBmwaZxs97HU9DWWI3ehHSAMa7xOk=
github.com/aws/aws-sdk-go-v2/service/sso v1.24.2/go.mod h1:skMqY7JElusiOUjMJMOv1jJsP7YUg7DrhgqZZWuzu1U=
github.com/aws/aws-sdk-go-v2/service/ssooidc v1.28.2 h1:AhmO1fHINP9vFYUE0LHzCWg/LfUWUF+zFPEcY9QXb7o=
github.com/aws/aws-sdk-go-v2/service/ssooidc v1.28.2/go.mod h1:o8aQygT2+MVP0NaV6kbdE1YnnIM8RRVQzoeUH45GOdI=
github.com/aws/aws-sdk-go-v2/service/sts v1.32.2 h1:CiS7i0+FUe+/YY1GvIBLLrR/XNGZ4CtM1Ll0XavNuVo=
github.com/aws/aws-sdk-go-v2/service/sts v1.32.2/go.mod h1:HtaiBI8CjYoNVde8arShXb94UbQQi9L4EMr6D+xGBwo=
github.com/aws/smithy-go v1.22.0 h1:uunKnWlcoL3zO7q+gG2Pk53joueEOsnNB28QdMsmiMM=
github.com/aws/smithy-go v1.22.0/go.mod h1:irrKGvNn1InZwb2d7fkIRNucdfwR8R+Ts3wxYa/cJHg=
github.com/cncf/xds/go v0.0.0-20240723142845-024c85f92f20 h1:N+3sFI5GUjRKBi+i0TxYVST9h4Ie192jJWpHvthBBgg=
github.com/cncf/xds/go v0.0.0-20240723142845-024c85f92f20/go.mod h1:W+zGtBO5Y1IgJhy4+A9GOqVhqLpfZi+vwmdNXUehLA8=
github.com/envoyproxy/go-control-plane v0.13.1 h1:vPfJZCkob6yTMEgS+0TwfTUfbHjfy/6vOJ8hUWX/uXE=
github.com/envoyproxy/go-control-plane v0.13.1/go.mod h1:X45hY0mufo6Fd0KW3rqsGvQMw58jvjymeCzBU3mWyHw=
github.com/envoyproxy/protoc-gen-validate v1.1.0 h1:tntQDh69XqOCOZsDz0lVJQez/2L6Uu2PdjCQwWCJ3bM=
github.com/envoyproxy/protoc-gen-validate v1.1.0/go.mod h1:sXRDRVmzEbkM7CVcM06s9shE/m23dg3wzjl0UWqJ2q4=
github.com/google/go-cmp v0.6.0 h1:ofyhxvXcZhMsU5ulbFiLKl/XBFqE1GSq7atu8tAmTRI=
github.com/google/go-cmp v0.6.0/go.mod h1:17dUlkBOakJ0+DkrSSNjCkIjxS6bF9zb3elmeNGIjoY=
github.com/planetscale/vtprotobuf v0.6.1-0.20240319094008-0393e58bdf10 h1:GFCKgmp0tecUJ0sJuv4pzYCqS9+RGSn52M3FUwPs+uo=
github.com/planetscale/vtprotobuf v0.6.1-0.20240319094008-0393e58bdf10/go.mod h1:t/avpk3KcrXxUnYOhZhMXJlSEyie6gQbtLq5NM3loB8=
golang.org/x/net v0.28.0 h1:a9JDOJc5GMUJ0+UDqmLT86WiEy7iWyIhz8gz8E4e5hE=
golang.org/x/net v0.28.0/go.mod h1:yqtgsTWOOnlGLG9GFRrK3++bGOUEkNBoHZc8MEDWPNg=
golang.org/x/sys v0.24.0 h1:Twjiwq9dn6R1fQcyiK+wQyHWfaz/BJB+YIpzU/Cv3Xg=
golang.org/x/sys v0.24.0/go.mod h1:/VUhepiaJMQUp4+oa/7Zr1D23ma6VTLIYjOOTFZPUcA=
golang.org/x/text v0.17.0 h1:XtiM5bkSOt+ewxlOE/aE/AKEHibwj/6gvWMl9Rsh0Qc=
golang.org/x/text v0.17.0/go.mod h1:BuEKDfySbSR4drPmRPG/7iBdf8hvFMuRexcpahXilzY=
google.golang.org/genproto/googleapis/rpc v0.0.0-20240814211410-ddb44dafa142 h1:e7S5W7MGGLaSu8j3YjdezkZ+m1/Nm0uRVRMEMGk26Xs=
google.golang.org/genproto/googleapis/rpc v0.0.0-20240814211410-ddb44dafa142/go.mod h1:UqMtugtsSgubUsoxbuAoiCXvqvErP7Gf0so0mK9tHxU=
google.golang.org/grpc v1.67.0 h1:IdH9y6PF5MPSdAntIcpjQ+tXO41pcQsfZV2RxtQgVcw=
google.golang.org/grpc v1.67.0/go.mod h1:1gLDyUQU7CTLJI90u3nXZ9ekeghjeM7pTDZlqFNg2AA=
google.golang.org/protobuf v1.34.2 h1:6xV6lTsCfpGD21XK49h7MhtcApnLqkfYgPcdHftf6hg=
google.golang.org/protobuf v1.34.2/go.mod h1:qYOHts0dSfpeUzUFpOMr/WGzszTmLH+DiWniOlNbLDw=
